// !$*UTF8*$!
{
	archiveVersion = 1;
	classes = {
	};
	objectVersion = 77;
	objects = {

/* Begin PBXContainerItemProxy section */
		744B2ACE2D03509F0058093E /* PBXContainerItemProxy */ = {
			isa = PBXContainerItemProxy;
			containerPortal = 744B2AAC2D03509D0058093E /* Project object */;
			proxyType = 1;
			remoteGlobalIDString = 744B2AB32D03509D0058093E;
			remoteInfo = LibraryProject;
		};
		744B2AD82D03509F0058093E /* PBXContainerItemProxy */ = {
			isa = PBXContainerItemProxy;
			containerPortal = 744B2AAC2D03509D0058093E /* Project object */;
			proxyType = 1;
			remoteGlobalIDString = 744B2AB32D03509D0058093E;
			remoteInfo = LibraryProject;
		};
/* End PBXContainerItemProxy section */

/* Begin PBXFileReference section */
		744B2AB42D03509D0058093E /* LibraryProject.app */ = {isa = PBXFileReference; explicitFileType = wrapper.application; includeInIndex = 0; path = LibraryProject.app; sourceTree = BUILT_PRODUCTS_DIR; };
		744B2ACD2D03509F0058093E /* LibraryProjectTests.xctest */ = {isa = PBXFileReference; explicitFileType = wrapper.cfbundle; includeInIndex = 0; path = LibraryProjectTests.xctest; sourceTree = BUILT_PRODUCTS_DIR; };
		744B2AD72D03509F0058093E /* LibraryProjectUITests.xctest */ = {isa = PBXFileReference; explicitFileType = wrapper.cfbundle; includeInIndex = 0; path = LibraryProjectUITests.xctest; sourceTree = BUILT_PRODUCTS_DIR; };
/* End PBXFileReference section */

/* Begin PBXFileSystemSynchronizedBuildFileExceptionSet section */
		744B2ADF2D03509F0058093E /* Exceptions for "LibraryProject" folder in "LibraryProject" target */ = {
			isa = PBXFileSystemSynchronizedBuildFileExceptionSet;
			membershipExceptions = (
				Info.plist,
			);
			target = 744B2AB32D03509D0058093E /* LibraryProject */;
		};
/* End PBXFileSystemSynchronizedBuildFileExceptionSet section */

/* Begin PBXFileSystemSynchronizedRootGroup section */
		744B2AB62D03509D0058093E /* LibraryProject */ = {
			isa = PBXFileSystemSynchronizedRootGroup;
			exceptions = (
				744B2ADF2D03509F0058093E /* Exceptions for "LibraryProject" folder in "LibraryProject" target */,
			);
			path = LibraryProject;
			sourceTree = "<group>";
		};
		744B2AD02D03509F0058093E /* LibraryProjectTests */ = {
			isa = PBXFileSystemSynchronizedRootGroup;
			path = LibraryProjectTests;
			sourceTree = "<group>";
		};
		744B2ADA2D03509F0058093E /* LibraryProjectUITests */ = {
			isa = PBXFileSystemSynchronizedRootGroup;
			path = LibraryProjectUITests;
			sourceTree = "<group>";
		};
/* End PBXFileSystemSynchronizedRootGroup section */

/* Begin PBXFrameworksBuildPhase section */
		744B2AB12D03509D0058093E /* Frameworks */ = {
			isa = PBXFrameworksBuildPhase;
			buildActionMask = 2147483647;
			files = (
			);
			runOnlyForDeploymentPostprocessing = 0;
		};
		744B2ACA2D03509F0058093E /* Frameworks */ = {
			isa = PBXFrameworksBuildPhase;
			buildActionMask = 2147483647;
			files = (
			);
			runOnlyForDeploymentPostprocessing = 0;
		};
		744B2AD42D03509F0058093E /* Frameworks */ = {
			isa = PBXFrameworksBuildPhase;
			buildActionMask = 2147483647;
			files = (
			);
			runOnlyForDeploymentPostprocessing = 0;
		};
/* End PBXFrameworksBuildPhase section */

/* Begin PBXGroup section */
		744B2AAB2D03509D0058093E = {
			isa = PBXGroup;
			children = (
				744B2AB62D03509D0058093E /* LibraryProject */,
				744B2AD02D03509F0058093E /* LibraryProjectTests */,
				744B2ADA2D03509F0058093E /* LibraryProjectUITests */,
				744B2AB52D03509D0058093E /* Products */,
			);
			sourceTree = "<group>";
		};
		744B2AB52D03509D0058093E /* Products */ = {
			isa = PBXGroup;
			children = (
				744B2AB42D03509D0058093E /* LibraryProject.app */,
				744B2ACD2D03509F0058093E /* LibraryProjectTests.xctest */,
				744B2AD72D03509F0058093E /* LibraryProjectUITests.xctest */,
			);
			name = Products;
			sourceTree = "<group>";
		};
/* End PBXGroup section */

/* Begin PBXNativeTarget section */
		744B2AB32D03509D0058093E /* LibraryProject */ = {
			isa = PBXNativeTarget;
			buildConfigurationList = 744B2AE02D03509F0058093E /* Build configuration list for PBXNativeTarget "LibraryProject" */;
			buildPhases = (
				744B2AB02D03509D0058093E /* Sources */,
				744B2AB12D03509D0058093E /* Frameworks */,
				744B2AB22D03509D0058093E /* Resources */,
			);
			buildRules = (
			);
			dependencies = (
			);
			fileSystemSynchronizedGroups = (
				744B2AB62D03509D0058093E /* LibraryProject */,
			);
			name = LibraryProject;
			packageProductDependencies = (
			);
			productName = LibraryProject;
			productReference = 744B2AB42D03509D0058093E /* LibraryProject.app */;
			productType = "com.apple.product-type.application";
		};
		744B2ACC2D03509F0058093E /* LibraryProjectTests */ = {
			isa = PBXNativeTarget;
			buildConfigurationList = 744B2AE52D03509F0058093E /* Build configuration list for PBXNativeTarget "LibraryProjectTests" */;
			buildPhases = (
				744B2AC92D03509F0058093E /* Sources */,
				744B2ACA2D03509F0058093E /* Frameworks */,
				744B2ACB2D03509F0058093E /* Resources */,
			);
			buildRules = (
			);
			dependencies = (
				744B2ACF2D03509F0058093E /* PBXTargetDependency */,
			);
			fileSystemSynchronizedGroups = (
				744B2AD02D03509F0058093E /* LibraryProjectTests */,
			);
			name = LibraryProjectTests;
			packageProductDependencies = (
			);
			productName = LibraryProjectTests;
			productReference = 744B2ACD2D03509F0058093E /* LibraryProjectTests.xctest */;
			productType = "com.apple.product-type.bundle.unit-test";
		};
		744B2AD62D03509F0058093E /* LibraryProjectUITests */ = {
			isa = PBXNativeTarget;
			buildConfigurationList = 744B2AE82D03509F0058093E /* Build configuration list for PBXNativeTarget "LibraryProjectUITests" */;
			buildPhases = (
				744B2AD32D03509F0058093E /* Sources */,
				744B2AD42D03509F0058093E /* Frameworks */,
				744B2AD52D03509F0058093E /* Resources */,
			);
			buildRules = (
			);
			dependencies = (
				744B2AD92D03509F0058093E /* PBXTargetDependency */,
			);
			fileSystemSynchronizedGroups = (
				744B2ADA2D03509F0058093E /* LibraryProjectUITests */,
			);
			name = LibraryProjectUITests;
			packageProductDependencies = (
			);
			productName = LibraryProjectUITests;
			productReference = 744B2AD72D03509F0058093E /* LibraryProjectUITests.xctest */;
			productType = "com.apple.product-type.bundle.ui-testing";
		};
/* End PBXNativeTarget section */

/* Begin PBXProject section */
		744B2AAC2D03509D0058093E /* Project object */ = {
			isa = PBXProject;
			attributes = {
				BuildIndependentTargetsInParallel = 1;
				LastSwiftUpdateCheck = 1610;
				LastUpgradeCheck = 1610;
				TargetAttributes = {
					744B2AB32D03509D0058093E = {
						CreatedOnToolsVersion = 16.1;
					};
					744B2ACC2D03509F0058093E = {
						CreatedOnToolsVersion = 16.1;
						TestTargetID = 744B2AB32D03509D0058093E;
					};
					744B2AD62D03509F0058093E = {
						CreatedOnToolsVersion = 16.1;
						TestTargetID = 744B2AB32D03509D0058093E;
					};
				};
			};
			buildConfigurationList = 744B2AAF2D03509D0058093E /* Build configuration list for PBXProject "LibraryProject" */;
			developmentRegion = en;
			hasScannedForEncodings = 0;
			knownRegions = (
				en,
				Base,
			);
			mainGroup = 744B2AAB2D03509D0058093E;
			minimizedProjectReferenceProxies = 1;
			preferredProjectObjectVersion = 77;
			productRefGroup = 744B2AB52D03509D0058093E /* Products */;
			projectDirPath = "";
			projectRoot = "";
			targets = (
				744B2AB32D03509D0058093E /* LibraryProject */,
				744B2ACC2D03509F0058093E /* LibraryProjectTests */,
				744B2AD62D03509F0058093E /* LibraryProjectUITests */,
			);
		};
/* End PBXProject section */

/* Begin PBXResourcesBuildPhase section */
		744B2AB22D03509D0058093E /* Resources */ = {
			isa = PBXResourcesBuildPhase;
			buildActionMask = 2147483647;
			files = (
			);
			runOnlyForDeploymentPostprocessing = 0;
		};
		744B2ACB2D03509F0058093E /* Resources */ = {
			isa = PBXResourcesBuildPhase;
			buildActionMask = 2147483647;
			files = (
			);
			runOnlyForDeploymentPostprocessing = 0;
		};
		744B2AD52D03509F0058093E /* Resources */ = {
			isa = PBXResourcesBuildPhase;
			buildActionMask = 2147483647;
			files = (
			);
			runOnlyForDeploymentPostprocessing = 0;
		};
/* End PBXResourcesBuildPhase section */

/* Begin PBXSourcesBuildPhase section */
		744B2AB02D03509D0058093E /* Sources */ = {
			isa = PBXSourcesBuildPhase;
			buildActionMask = 2147483647;
			files = (
			);
			runOnlyForDeploymentPostprocessing = 0;
		};
		744B2AC92D03509F0058093E /* Sources */ = {
			isa = PBXSourcesBuildPhase;
			buildActionMask = 2147483647;
			files = (
			);
			runOnlyForDeploymentPostprocessing = 0;
		};
		744B2AD32D03509F0058093E /* Sources */ = {
			isa = PBXSourcesBuildPhase;
			buildActionMask = 2147483647;
			files = (
			);
			runOnlyForDeploymentPostprocessing = 0;
		};
/* End PBXSourcesBuildPhase section */

/* Begin PBXTargetDependency section */
		744B2ACF2D03509F0058093E /* PBXTargetDependency */ = {
			isa = PBXTargetDependency;
			target = 744B2AB32D03509D0058093E /* LibraryProject */;
			targetProxy = 744B2ACE2D03509F0058093E /* PBXContainerItemProxy */;
		};
		744B2AD92D03509F0058093E /* PBXTargetDependency */ = {
			isa = PBXTargetDependency;
			target = 744B2AB32D03509D0058093E /* LibraryProject */;
			targetProxy = 744B2AD82D03509F0058093E /* PBXContainerItemProxy */;
		};
/* End PBXTargetDependency section */

/* Begin XCBuildConfiguration section */
		744B2AE12D03509F0058093E /* Debug */ = {
			isa = XCBuildConfiguration;
			buildSettings = {
				ASSETCATALOG_COMPILER_APPICON_NAME = AppIcon;
				ASSETCATALOG_COMPILER_GLOBAL_ACCENT_COLOR_NAME = AccentColor;
				CODE_SIGN_STYLE = Automatic;
				CURRENT_PROJECT_VERSION = 1;
				GENERATE_INFOPLIST_FILE = YES;
				INFOPLIST_FILE = LibraryProject/Info.plist;
				INFOPLIST_KEY_UIApplicationSupportsIndirectInputEvents = YES;
				INFOPLIST_KEY_UILaunchStoryboardName = LaunchScreen;
				INFOPLIST_KEY_UIMainStoryboardFile = Main;
				INFOPLIST_KEY_UISupportedInterfaceOrientations_iPad = "UIInterfaceOrientationPortrait UIInterfaceOrientationPortraitUpsideDown UIInterfaceOrientationLandscapeLeft UIInterfaceOrientationLandscapeRight";
				INFOPLIST_KEY_UISupportedInterfaceOrientations_iPhone = "UIInterfaceOrientationPortrait UIInterfaceOrientationLandscapeLeft UIInterfaceOrientationLandscapeRight";
				LD_RUNPATH_SEARCH_PATHS = (
					"$(inherited)",
					"@executable_path/Frameworks",
				);
				MARKETING_VERSION = 1.0;
				PRODUCT_BUNDLE_IDENTIFIER = com.n10603548.LibraryProject;
				PRODUCT_NAME = "$(TARGET_NAME)";
				SWIFT_EMIT_LOC_STRINGS = YES;
				SWIFT_VERSION = 5.0;
				TARGETED_DEVICE_FAMILY = "1,2";
			};
			name = Debug;
		};
		744B2AE22D03509F0058093E /* Release */ = {
			isa = XCBuildConfiguration;
			buildSettings = {
				ASSETCATALOG_COMPILER_APPICON_NAME = AppIcon;
				ASSETCATALOG_COMPILER_GLOBAL_ACCENT_COLOR_NAME = AccentColor;
				CODE_SIGN_STYLE = Automatic;
				CURRENT_PROJECT_VERSION = 1;
				GENERATE_INFOPLIST_FILE = YES;
				INFOPLIST_FILE = LibraryProject/Info.plist;
				INFOPLIST_KEY_UIApplicationSupportsIndirectInputEvents = YES;
				INFOPLIST_KEY_UILaunchStoryboardName = LaunchScreen;
				INFOPLIST_KEY_UIMainStoryboardFile = Main;
				INFOPLIST_KEY_UISupportedInterfaceOrientations_iPad = "UIInterfaceOrientationPortrait UIInterfaceOrientationPortraitUpsideDown UIInterfaceOrientationLandscapeLeft UIInterfaceOrientationLandscapeRight";
				INFOPLIST_KEY_UISupportedInterfaceOrientations_iPhone = "UIInterfaceOrientationPortrait UIInterfaceOrientationLandscapeLeft UIInterfaceOrientationLandscapeRight";
				LD_RUNPATH_SEARCH_PATHS = (
					"$(inherited)",
					"@executable_path/Frameworks",
				);
				MARKETING_VERSION = 1.0;
				PRODUCT_BUNDLE_IDENTIFIER = com.n10603548.LibraryProject;
				PRODUCT_NAME = "$(TARGET_NAME)";
				SWIFT_EMIT_LOC_STRINGS = YES;
				SWIFT_VERSION = 5.0;
				TARGETED_DEVICE_FAMILY = "1,2";
			};
			name = Release;
		};
		744B2AE32D03509F0058093E /* Debug */ = {
			isa = XCBuildConfiguration;
			buildSettings = {
				ALWAYS_SEARCH_USER_PATHS = NO;
				ASSETCATALOG_COMPILER_GENERATE_SWIFT_ASSET_SYMBOL_EXTENSIONS = YES;
				CLANG_ANALYZER_NONNULL = YES;
				CLANG_ANALYZER_NUMBER_OBJECT_CONVERSION = YES_AGGRESSIVE;
				CLANG_CXX_LANGUAGE_STANDARD = "gnu++20";
				CLANG_ENABLE_MODULES = YES;
				CLANG_ENABLE_OBJC_ARC = YES;
				CLANG_ENABLE_OBJC_WEAK = YES;
				CLANG_WARN_BLOCK_CAPTURE_AUTORELEASING = YES;
				CLANG_WARN_BOOL_CONVERSION = YES;
				CLANG_WARN_COMMA = YES;
				CLANG_WARN_CONSTANT_CONVERSION = YES;
				CLANG_WARN_DEPRECATED_OBJC_IMPLEMENTATIONS = YES;
				CLANG_WARN_DIRECT_OBJC_ISA_USAGE = YES_ERROR;
				CLANG_WARN_DOCUMENTATION_COMMENTS = YES;
				CLANG_WARN_EMPTY_BODY = YES;
				CLANG_WARN_ENUM_CONVERSION = YES;
				CLANG_WARN_INFINITE_RECURSION = YES;
				CLANG_WARN_INT_CONVERSION = YES;
				CLANG_WARN_NON_LITERAL_NULL_CONVERSION = YES;
				CLANG_WARN_OBJC_IMPLICIT_RETAIN_SELF = YES;
				CLANG_WARN_OBJC_LITERAL_CONVERSION = YES;
				CLANG_WARN_OBJC_ROOT_CLASS = YES_ERROR;
				CLANG_WARN_QUOTED_INCLUDE_IN_FRAMEWORK_HEADER = YES;
				CLANG_WARN_RANGE_LOOP_ANALYSIS = YES;
				CLANG_WARN_STRICT_PROTOTYPES = YES;
				CLANG_WARN_SUSPICIOUS_MOVE = YES;
				CLANG_WARN_UNGUARDED_AVAILABILITY = YES_AGGRESSIVE;
				CLANG_WARN_UNREACHABLE_CODE = YES;
				CLANG_WARN__DUPLICATE_METHOD_MATCH = YES;
				COPY_PHASE_STRIP = NO;
				DEBUG_INFORMATION_FORMAT = dwarf;
				ENABLE_STRICT_OBJC_MSGSEND = YES;
				ENABLE_TESTABILITY = YES;
				ENABLE_USER_SCRIPT_SANDBOXING = YES;
				GCC_C_LANGUAGE_STANDARD = gnu17;
				GCC_DYNAMIC_NO_PIC = NO;
				GCC_NO_COMMON_BLOCKS = YES;
				GCC_OPTIMIZATION_LEVEL = 0;
				GCC_PREPROCESSOR_DEFINITIONS = (
					"DEBUG=1",
					"$(inherited)",
				);
				GCC_WARN_64_TO_32_BIT_CONVERSION = YES;
				GCC_WARN_ABOUT_RETURN_TYPE = YES_ERROR;
				GCC_WARN_UNDECLARED_SELECTOR = YES;
				GCC_WARN_UNINITIALIZED_AUTOS = YES_AGGRESSIVE;
				GCC_WARN_UNUSED_FUNCTION = YES;
				GCC_WARN_UNUSED_VARIABLE = YES;
				IPHONEOS_DEPLOYMENT_TARGET = 18.1;
				LOCALIZATION_PREFERS_STRING_CATALOGS = YES;
				MTL_ENABLE_DEBUG_INFO = INCLUDE_SOURCE;
				MTL_FAST_MATH = YES;
				ONLY_ACTIVE_ARCH = YES;
				SDKROOT = iphoneos;
				SWIFT_ACTIVE_COMPILATION_CONDITIONS = "DEBUG $(inherited)";
				SWIFT_OPTIMIZATION_LEVEL = "-Onone";
			};
			name = Debug;
		};
		744B2AE42D03509F0058093E /* Release */ = {
			isa = XCBuildConfiguration;
			buildSettings = {
				ALWAYS_SEARCH_USER_PATHS = NO;
				ASSETCATALOG_COMPILER_GENERATE_SWIFT_ASSET_SYMBOL_EXTENSIONS = YES;
				CLANG_ANALYZER_NONNULL = YES;
				CLANG_ANALYZER_NUMBER_OBJECT_CONVERSION = YES_AGGRESSIVE;
				CLANG_CXX_LANGUAGE_STANDARD = "gnu++20";
				CLANG_ENABLE_MODULES = YES;
				CLANG_ENABLE_OBJC_ARC = YES;
				CLANG_ENABLE_OBJC_WEAK = YES;
				CLANG_WARN_BLOCK_CAPTURE_AUTORELEASING = YES;
				CLANG_WARN_BOOL_CONVERSION = YES;
				CLANG_WARN_COMMA = YES;
				CLANG_WARN_CONSTANT_CONVERSION = YES;
				CLANG_WARN_DEPRECATED_OBJC_IMPLEMENTATIONS = YES;
				CLANG_WARN_DIRECT_OBJC_ISA_USAGE = YES_ERROR;
				CLANG_WARN_DOCUMENTATION_COMMENTS = YES;
				CLANG_WARN_EMPTY_BODY = YES;
				CLANG_WARN_ENUM_CONVERSION = YES;
				CLANG_WARN_INFINITE_RECURSION = YES;
				CLANG_WARN_INT_CONVERSION = YES;
				CLANG_WARN_NON_LITERAL_NULL_CONVERSION = YES;
				CLANG_WARN_OBJC_IMPLICIT_RETAIN_SELF = YES;
				CLANG_WARN_OBJC_LITERAL_CONVERSION = YES;
				CLANG_WARN_OBJC_ROOT_CLASS = YES_ERROR;
				CLANG_WARN_QUOTED_INCLUDE_IN_FRAMEWORK_HEADER = YES;
				CLANG_WARN_RANGE_LOOP_ANALYSIS = YES;
				CLANG_WARN_STRICT_PROTOTYPES = YES;
				CLANG_WARN_SUSPICIOUS_MOVE = YES;
				CLANG_WARN_UNGUARDED_AVAILABILITY = YES_AGGRESSIVE;
				CLANG_WARN_UNREACHABLE_CODE = YES;
				CLANG_WARN__DUPLICATE_METHOD_MATCH = YES;
				COPY_PHASE_STRIP = NO;
				DEBUG_INFORMATION_FORMAT = "dwarf-with-dsym";
				ENABLE_NS_ASSERTIONS = NO;
				ENABLE_STRICT_OBJC_MSGSEND = YES;
				ENABLE_USER_SCRIPT_SANDBOXING = YES;
				GCC_C_LANGUAGE_STANDARD = gnu17;
				GCC_NO_COMMON_BLOCKS = YES;
				GCC_WARN_64_TO_32_BIT_CONVERSION = YES;
				GCC_WARN_ABOUT_RETURN_TYPE = YES_ERROR;
				GCC_WARN_UNDECLARED_SELECTOR = YES;
				GCC_WARN_UNINITIALIZED_AUTOS = YES_AGGRESSIVE;
				GCC_WARN_UNUSED_FUNCTION = YES;
				GCC_WARN_UNUSED_VARIABLE = YES;
				IPHONEOS_DEPLOYMENT_TARGET = 18.1;
				LOCALIZATION_PREFERS_STRING_CATALOGS = YES;
				MTL_ENABLE_DEBUG_INFO = NO;
				MTL_FAST_MATH = YES;
				SDKROOT = iphoneos;
				SWIFT_COMPILATION_MODE = wholemodule;
				VALIDATE_PRODUCT = YES;
			};
			name = Release;
		};
		744B2AE62D03509F0058093E /* Debug */ = {
			isa = XCBuildConfiguration;
			buildSettings = {
				BUNDLE_LOADER = "$(TEST_HOST)";
				CODE_SIGN_STYLE = Automatic;
				CURRENT_PROJECT_VERSION = 1;
				GENERATE_INFOPLIST_FILE = YES;
				IPHONEOS_DEPLOYMENT_TARGET = 18.1;
				MARKETING_VERSION = 1.0;
				PRODUCT_BUNDLE_IDENTIFIER = com.n10603548.LibraryProjectTests;
				PRODUCT_NAME = "$(TARGET_NAME)";
				SWIFT_EMIT_LOC_STRINGS = NO;
				SWIFT_VERSION = 5.0;
				TARGETED_DEVICE_FAMILY = "1,2";
				TEST_HOST = "$(BUILT_PRODUCTS_DIR)/LibraryProject.app/$(BUNDLE_EXECUTABLE_FOLDER_PATH)/LibraryProject";
			};
			name = Debug;
		};
		744B2AE72D03509F0058093E /* Release */ = {
			isa = XCBuildConfiguration;
			buildSettings = {
				BUNDLE_LOADER = "$(TEST_HOST)";
				CODE_SIGN_STYLE = Automatic;
				CURRENT_PROJECT_VERSION = 1;
				GENERATE_INFOPLIST_FILE = YES;
				IPHONEOS_DEPLOYMENT_TARGET = 18.1;
				MARKETING_VERSION = 1.0;
				PRODUCT_BUNDLE_IDENTIFIER = com.n10603548.LibraryProjectTests;
				PRODUCT_NAME = "$(TARGET_NAME)";
				SWIFT_EMIT_LOC_STRINGS = NO;
				SWIFT_VERSION = 5.0;
				TARGETED_DEVICE_FAMILY = "1,2";
				TEST_HOST = "$(BUILT_PRODUCTS_DIR)/LibraryProject.app/$(BUNDLE_EXECUTABLE_FOLDER_PATH)/LibraryProject";
			};
			name = Release;
		};
		744B2AE92D03509F0058093E /* Debug */ = {
			isa = XCBuildConfiguration;
			buildSettings = {
				CODE_SIGN_STYLE = Automatic;
				CURRENT_PROJECT_VERSION = 1;
				GENERATE_INFOPLIST_FILE = YES;
				MARKETING_VERSION = 1.0;
				PRODUCT_BUNDLE_IDENTIFIER = com.n10603548.LibraryProjectUITests;
				PRODUCT_NAME = "$(TARGET_NAME)";
				SWIFT_EMIT_LOC_STRINGS = NO;
				SWIFT_VERSION = 5.0;
				TARGETED_DEVICE_FAMILY = "1,2";
				TEST_TARGET_NAME = LibraryProject;
			};
			name = Debug;
		};
		744B2AEA2D03509F0058093E /* Release */ = {
			isa = XCBuildConfiguration;
			buildSettings = {
				CODE_SIGN_STYLE = Automatic;
				CURRENT_PROJECT_VERSION = 1;
				GENERATE_INFOPLIST_FILE = YES;
				MARKETING_VERSION = 1.0;
				PRODUCT_BUNDLE_IDENTIFIER = com.n10603548.LibraryProjectUITests;
				PRODUCT_NAME = "$(TARGET_NAME)";
				SWIFT_EMIT_LOC_STRINGS = NO;
				SWIFT_VERSION = 5.0;
				TARGETED_DEVICE_FAMILY = "1,2";
				TEST_TARGET_NAME = LibraryProject;
			};
			name = Release;
		};
/* End XCBuildConfiguration section */

/* Begin XCConfigurationList section */
		744B2AAF2D03509D0058093E /* Build configuration list for PBXProject "LibraryProject" */ = {
			isa = XCConfigurationList;
			buildConfigurations = (
				744B2AE32D03509F0058093E /* Debug */,
				744B2AE42D03509F0058093E /* Release */,
			);
			defaultConfigurationIsVisible = 0;
			defaultConfigurationName = Release;
		};
		744B2AE02D03509F0058093E /* Build configuration list for PBXNativeTarget "LibraryProject" */ = {
			isa = XCConfigurationList;
			buildConfigurations = (
				744B2AE12D03509F0058093E /* Debug */,
				744B2AE22D03509F0058093E /* Release */,
			);
			defaultConfigurationIsVisible = 0;
			defaultConfigurationName = Release;
		};
		744B2AE52D03509F0058093E /* Build configuration list for PBXNativeTarget "LibraryProjectTests" */ = {
			isa = XCConfigurationList;
			buildConfigurations = (
				744B2AE62D03509F0058093E /* Debug */,
				744B2AE72D03509F0058093E /* Release */,
			);
			defaultConfigurationIsVisible = 0;
			defaultConfigurationName = Release;
		};
		744B2AE82D03509F0058093E /* Build configuration list for PBXNativeTarget "LibraryProjectUITests" */ = {
			isa = XCConfigurationList;
			buildConfigurations = (
				744B2AE92D03509F0058093E /* Debug */,
				744B2AEA2D03509F0058093E /* Release */,
			);
			defaultConfigurationIsVisible = 0;
			defaultConfigurationName = Release;
		};
/* End XCConfigurationList section */
	};
	rootObject = 744B2AAC2D03509D0058093E /* Project object */;
}
