// !$*UTF8*$!
{
	archiveVersion = 1;
	classes = {
	};
	objectVersion = 77;
	objects = {

/* Begin PBXContainerItemProxy section */
		74448B7B2CBDAD8B00E53F40 /* PBXContainerItemProxy */ = {
			isa = PBXContainerItemProxy;
			containerPortal = 74448B5C2CBDAD8900E53F40 /* Project object */;
			proxyType = 1;
			remoteGlobalIDString = 74448B632CBDAD8900E53F40;
			remoteInfo = cashier;
		};
		74448B852CBDAD8B00E53F40 /* PBXContainerItemProxy */ = {
			isa = PBXContainerItemProxy;
			containerPortal = 74448B5C2CBDAD8900E53F40 /* Project object */;
			proxyType = 1;
			remoteGlobalIDString = 74448B632CBDAD8900E53F40;
			remoteInfo = cashier;
		};
/* End PBXContainerItemProxy section */

/* Begin PBXFileReference section */
		74448B642CBDAD8900E53F40 /* cashier.app */ = {isa = PBXFileReference; explicitFileType = wrapper.application; includeInIndex = 0; path = cashier.app; sourceTree = BUILT_PRODUCTS_DIR; };
		74448B7A2CBDAD8B00E53F40 /* cashierTests.xctest */ = {isa = PBXFileReference; explicitFileType = wrapper.cfbundle; includeInIndex = 0; path = cashierTests.xctest; sourceTree = BUILT_PRODUCTS_DIR; };
		74448B842CBDAD8B00E53F40 /* cashierUITests.xctest */ = {isa = PBXFileReference; explicitFileType = wrapper.cfbundle; includeInIndex = 0; path = cashierUITests.xctest; sourceTree = BUILT_PRODUCTS_DIR; };
/* End PBXFileReference section */

/* Begin PBXFileSystemSynchronizedBuildFileExceptionSet section */
		74448B8C2CBDAD8B00E53F40 /* Exceptions for "cashier" folder in "cashier" target */ = {
			isa = PBXFileSystemSynchronizedBuildFileExceptionSet;
			membershipExceptions = (
				Info.plist,
			);
			target = 74448B632CBDAD8900E53F40 /* cashier */;
		};
/* End PBXFileSystemSynchronizedBuildFileExceptionSet section */

/* Begin PBXFileSystemSynchronizedRootGroup section */
		74448B662CBDAD8900E53F40 /* cashier */ = {
			isa = PBXFileSystemSynchronizedRootGroup;
			exceptions = (
				74448B8C2CBDAD8B00E53F40 /* Exceptions for "cashier" folder in "cashier" target */,
			);
			path = cashier;
			sourceTree = "<group>";
		};
		74448B7D2CBDAD8B00E53F40 /* cashierTests */ = {
			isa = PBXFileSystemSynchronizedRootGroup;
			path = cashierTests;
			sourceTree = "<group>";
		};
		74448B872CBDAD8B00E53F40 /* cashierUITests */ = {
			isa = PBXFileSystemSynchronizedRootGroup;
			path = cashierUITests;
			sourceTree = "<group>";
		};
/* End PBXFileSystemSynchronizedRootGroup section */

/* Begin PBXFrameworksBuildPhase section */
		74448B612CBDAD8900E53F40 /* Frameworks */ = {
			isa = PBXFrameworksBuildPhase;
			buildActionMask = 2147483647;
			files = (
			);
			runOnlyForDeploymentPostprocessing = 0;
		};
		74448B772CBDAD8B00E53F40 /* Frameworks */ = {
			isa = PBXFrameworksBuildPhase;
			buildActionMask = 2147483647;
			files = (
			);
			runOnlyForDeploymentPostprocessing = 0;
		};
		74448B812CBDAD8B00E53F40 /* Frameworks */ = {
			isa = PBXFrameworksBuildPhase;
			buildActionMask = 2147483647;
			files = (
			);
			runOnlyForDeploymentPostprocessing = 0;
		};
/* End PBXFrameworksBuildPhase section */

/* Begin PBXGroup section */
		74448B5B2CBDAD8900E53F40 = {
			isa = PBXGroup;
			children = (
				74448B662CBDAD8900E53F40 /* cashier */,
				74448B7D2CBDAD8B00E53F40 /* cashierTests */,
				74448B872CBDAD8B00E53F40 /* cashierUITests */,
				74448B652CBDAD8900E53F40 /* Products */,
			);
			sourceTree = "<group>";
		};
		74448B652CBDAD8900E53F40 /* Products */ = {
			isa = PBXGroup;
			children = (
				74448B642CBDAD8900E53F40 /* cashier.app */,
				74448B7A2CBDAD8B00E53F40 /* cashierTests.xctest */,
				74448B842CBDAD8B00E53F40 /* cashierUITests.xctest */,
			);
			name = Products;
			sourceTree = "<group>";
		};
/* End PBXGroup section */

/* Begin PBXNativeTarget section */
		74448B632CBDAD8900E53F40 /* cashier */ = {
			isa = PBXNativeTarget;
			buildConfigurationList = 74448B8D2CBDAD8B00E53F40 /* Build configuration list for PBXNativeTarget "cashier" */;
			buildPhases = (
				74448B602CBDAD8900E53F40 /* Sources */,
				74448B612CBDAD8900E53F40 /* Frameworks */,
				74448B622CBDAD8900E53F40 /* Resources */,
			);
			buildRules = (
			);
			dependencies = (
			);
			fileSystemSynchronizedGroups = (
				74448B662CBDAD8900E53F40 /* cashier */,
			);
			name = cashier;
			packageProductDependencies = (
			);
			productName = cashier;
			productReference = 74448B642CBDAD8900E53F40 /* cashier.app */;
			productType = "com.apple.product-type.application";
		};
		74448B792CBDAD8B00E53F40 /* cashierTests */ = {
			isa = PBXNativeTarget;
			buildConfigurationList = 74448B922CBDAD8B00E53F40 /* Build configuration list for PBXNativeTarget "cashierTests" */;
			buildPhases = (
				74448B762CBDAD8B00E53F40 /* Sources */,
				74448B772CBDAD8B00E53F40 /* Frameworks */,
				74448B782CBDAD8B00E53F40 /* Resources */,
			);
			buildRules = (
			);
			dependencies = (
				74448B7C2CBDAD8B00E53F40 /* PBXTargetDependency */,
			);
			fileSystemSynchronizedGroups = (
				74448B7D2CBDAD8B00E53F40 /* cashierTests */,
			);
			name = cashierTests;
			packageProductDependencies = (
			);
			productName = cashierTests;
			productReference = 74448B7A2CBDAD8B00E53F40 /* cashierTests.xctest */;
			productType = "com.apple.product-type.bundle.unit-test";
		};
		74448B832CBDAD8B00E53F40 /* cashierUITests */ = {
			isa = PBXNativeTarget;
			buildConfigurationList = 74448B952CBDAD8B00E53F40 /* Build configuration list for PBXNativeTarget "cashierUITests" */;
			buildPhases = (
				74448B802CBDAD8B00E53F40 /* Sources */,
				74448B812CBDAD8B00E53F40 /* Frameworks */,
				74448B822CBDAD8B00E53F40 /* Resources */,
			);
			buildRules = (
			);
			dependencies = (
				74448B862CBDAD8B00E53F40 /* PBXTargetDependency */,
			);
			fileSystemSynchronizedGroups = (
				74448B872CBDAD8B00E53F40 /* cashierUITests */,
			);
			name = cashierUITests;
			packageProductDependencies = (
			);
			productName = cashierUITests;
			productReference = 74448B842CBDAD8B00E53F40 /* cashierUITests.xctest */;
			productType = "com.apple.product-type.bundle.ui-testing";
		};
/* End PBXNativeTarget section */

/* Begin PBXProject section */
		74448B5C2CBDAD8900E53F40 /* Project object */ = {
			isa = PBXProject;
			attributes = {
				BuildIndependentTargetsInParallel = 1;
				LastSwiftUpdateCheck = 1600;
				LastUpgradeCheck = 1600;
				TargetAttributes = {
					74448B632CBDAD8900E53F40 = {
						CreatedOnToolsVersion = 16.0;
					};
					74448B792CBDAD8B00E53F40 = {
						CreatedOnToolsVersion = 16.0;
						TestTargetID = 74448B632CBDAD8900E53F40;
					};
					74448B832CBDAD8B00E53F40 = {
						CreatedOnToolsVersion = 16.0;
						TestTargetID = 74448B632CBDAD8900E53F40;
					};
				};
			};
			buildConfigurationList = 74448B5F2CBDAD8900E53F40 /* Build configuration list for PBXProject "cashier" */;
			developmentRegion = en;
			hasScannedForEncodings = 0;
			knownRegions = (
				en,
				Base,
			);
			mainGroup = 74448B5B2CBDAD8900E53F40;
			minimizedProjectReferenceProxies = 1;
			preferredProjectObjectVersion = 77;
			productRefGroup = 74448B652CBDAD8900E53F40 /* Products */;
			projectDirPath = "";
			projectRoot = "";
			targets = (
				74448B632CBDAD8900E53F40 /* cashier */,
				74448B792CBDAD8B00E53F40 /* cashierTests */,
				74448B832CBDAD8B00E53F40 /* cashierUITests */,
			);
		};
/* End PBXProject section */

/* Begin PBXResourcesBuildPhase section */
		74448B622CBDAD8900E53F40 /* Resources */ = {
			isa = PBXResourcesBuildPhase;
			buildActionMask = 2147483647;
			files = (
			);
			runOnlyForDeploymentPostprocessing = 0;
		};
		74448B782CBDAD8B00E53F40 /* Resources */ = {
			isa = PBXResourcesBuildPhase;
			buildActionMask = 2147483647;
			files = (
			);
			runOnlyForDeploymentPostprocessing = 0;
		};
		74448B822CBDAD8B00E53F40 /* Resources */ = {
			isa = PBXResourcesBuildPhase;
			buildActionMask = 2147483647;
			files = (
			);
			runOnlyForDeploymentPostprocessing = 0;
		};
/* End PBXResourcesBuildPhase section */

/* Begin PBXSourcesBuildPhase section */
		74448B602CBDAD8900E53F40 /* Sources */ = {
			isa = PBXSourcesBuildPhase;
			buildActionMask = 2147483647;
			files = (
			);
			runOnlyForDeploymentPostprocessing = 0;
		};
		74448B762CBDAD8B00E53F40 /* Sources */ = {
			isa = PBXSourcesBuildPhase;
			buildActionMask = 2147483647;
			files = (
			);
			runOnlyForDeploymentPostprocessing = 0;
		};
		74448B802CBDAD8B00E53F40 /* Sources */ = {
			isa = PBXSourcesBuildPhase;
			buildActionMask = 2147483647;
			files = (
			);
			runOnlyForDeploymentPostprocessing = 0;
		};
/* End PBXSourcesBuildPhase section */

/* Begin PBXTargetDependency section */
		74448B7C2CBDAD8B00E53F40 /* PBXTargetDependency */ = {
			isa = PBXTargetDependency;
			target = 74448B632CBDAD8900E53F40 /* cashier */;
			targetProxy = 74448B7B2CBDAD8B00E53F40 /* PBXContainerItemProxy */;
		};
		74448B862CBDAD8B00E53F40 /* PBXTargetDependency */ = {
			isa = PBXTargetDependency;
			target = 74448B632CBDAD8900E53F40 /* cashier */;
			targetProxy = 74448B852CBDAD8B00E53F40 /* PBXContainerItemProxy */;
		};
/* End PBXTargetDependency section */

/* Begin XCBuildConfiguration section */
		74448B8E2CBDAD8B00E53F40 /* Debug */ = {
			isa = XCBuildConfiguration;
			buildSettings = {
				ASSETCATALOG_COMPILER_APPICON_NAME = AppIcon;
				ASSETCATALOG_COMPILER_GLOBAL_ACCENT_COLOR_NAME = AccentColor;
				CODE_SIGN_STYLE = Automatic;
				CURRENT_PROJECT_VERSION = 1;
				GENERATE_INFOPLIST_FILE = YES;
				INFOPLIST_FILE = cashier/Info.plist;
				INFOPLIST_KEY_UIApplicationSupportsIndirectInputEvents = YES;
				INFOPLIST_KEY_UILaunchStoryboardName = LaunchScreen;
				INFOPLIST_KEY_UIMainStoryboardFile = Main;
				INFOPLIST_KEY_UISupportedInterfaceOrientations_iPad = "UIInterfaceOrientationPortrait UIInterfaceOrientationPortraitUpsideDown UIInterfaceOrientationLandscapeLeft UIInterfaceOrientationLandscapeRight";
				INFOPLIST_KEY_UISupportedInterfaceOrientations_iPhone = "UIInterfaceOrientationPortrait UIInterfaceOrientationLandscapeLeft UIInterfaceOrientationLandscapeRight";
				LD_RUNPATH_SEARCH_PATHS = (
					"$(inherited)",
					"@executable_path/Frameworks",
				);
				MARKETING_VERSION = 1.0;
				PRODUCT_BUNDLE_IDENTIFIER = com.n10603548.cashier;
				PRODUCT_NAME = "$(TARGET_NAME)";
				SWIFT_EMIT_LOC_STRINGS = YES;
				SWIFT_VERSION = 5.0;
				TARGETED_DEVICE_FAMILY = "1,2";
			};
			name = Debug;
		};
		74448B8F2CBDAD8B00E53F40 /* Release */ = {
			isa = XCBuildConfiguration;
			buildSettings = {
				ASSETCATALOG_COMPILER_APPICON_NAME = AppIcon;
				ASSETCATALOG_COMPILER_GLOBAL_ACCENT_COLOR_NAME = AccentColor;
				CODE_SIGN_STYLE = Automatic;
				CURRENT_PROJECT_VERSION = 1;
				GENERATE_INFOPLIST_FILE = YES;
				INFOPLIST_FILE = cashier/Info.plist;
				INFOPLIST_KEY_UIApplicationSupportsIndirectInputEvents = YES;
				INFOPLIST_KEY_UILaunchStoryboardName = LaunchScreen;
				INFOPLIST_KEY_UIMainStoryboardFile = Main;
				INFOPLIST_KEY_UISupportedInterfaceOrientations_iPad = "UIInterfaceOrientationPortrait UIInterfaceOrientationPortraitUpsideDown UIInterfaceOrientationLandscapeLeft UIInterfaceOrientationLandscapeRight";
				INFOPLIST_KEY_UISupportedInterfaceOrientations_iPhone = "UIInterfaceOrientationPortrait UIInterfaceOrientationLandscapeLeft UIInterfaceOrientationLandscapeRight";
				LD_RUNPATH_SEARCH_PATHS = (
					"$(inherited)",
					"@executable_path/Frameworks",
				);
				MARKETING_VERSION = 1.0;
				PRODUCT_BUNDLE_IDENTIFIER = com.n10603548.cashier;
				PRODUCT_NAME = "$(TARGET_NAME)";
				SWIFT_EMIT_LOC_STRINGS = YES;
				SWIFT_VERSION = 5.0;
				TARGETED_DEVICE_FAMILY = "1,2";
			};
			name = Release;
		};
		74448B902CBDAD8B00E53F40 /* Debug */ = {
			isa = XCBuildConfiguration;
			buildSettings = {
				ALWAYS_SEARCH_USER_PATHS = NO;
				ASSETCATALOG_COMPILER_GENERATE_SWIFT_ASSET_SYMBOL_EXTENSIONS = YES;
				CLANG_ANALYZER_NONNULL = YES;
				CLANG_ANALYZER_NUMBER_OBJECT_CONVERSION = YES_AGGRESSIVE;
				CLANG_CXX_LANGUAGE_STANDARD = "gnu++20";
				CLANG_ENABLE_MODULES = YES;
				CLANG_ENABLE_OBJC_ARC = YES;
				CLANG_ENABLE_OBJC_WEAK = YES;
				CLANG_WARN_BLOCK_CAPTURE_AUTORELEASING = YES;
				CLANG_WARN_BOOL_CONVERSION = YES;
				CLANG_WARN_COMMA = YES;
				CLANG_WARN_CONSTANT_CONVERSION = YES;
				CLANG_WARN_DEPRECATED_OBJC_IMPLEMENTATIONS = YES;
				CLANG_WARN_DIRECT_OBJC_ISA_USAGE = YES_ERROR;
				CLANG_WARN_DOCUMENTATION_COMMENTS = YES;
				CLANG_WARN_EMPTY_BODY = YES;
				CLANG_WARN_ENUM_CONVERSION = YES;
				CLANG_WARN_INFINITE_RECURSION = YES;
				CLANG_WARN_INT_CONVERSION = YES;
				CLANG_WARN_NON_LITERAL_NULL_CONVERSION = YES;
				CLANG_WARN_OBJC_IMPLICIT_RETAIN_SELF = YES;
				CLANG_WARN_OBJC_LITERAL_CONVERSION = YES;
				CLANG_WARN_OBJC_ROOT_CLASS = YES_ERROR;
				CLANG_WARN_QUOTED_INCLUDE_IN_FRAMEWORK_HEADER = YES;
				CLANG_WARN_RANGE_LOOP_ANALYSIS = YES;
				CLANG_WARN_STRICT_PROTOTYPES = YES;
				CLANG_WARN_SUSPICIOUS_MOVE = YES;
				CLANG_WARN_UNGUARDED_AVAILABILITY = YES_AGGRESSIVE;
				CLANG_WARN_UNREACHABLE_CODE = YES;
				CLANG_WARN__DUPLICATE_METHOD_MATCH = YES;
				COPY_PHASE_STRIP = NO;
				DEBUG_INFORMATION_FORMAT = dwarf;
				ENABLE_STRICT_OBJC_MSGSEND = YES;
				ENABLE_TESTABILITY = YES;
				ENABLE_USER_SCRIPT_SANDBOXING = YES;
				GCC_C_LANGUAGE_STANDARD = gnu17;
				GCC_DYNAMIC_NO_PIC = NO;
				GCC_NO_COMMON_BLOCKS = YES;
				GCC_OPTIMIZATION_LEVEL = 0;
				GCC_PREPROCESSOR_DEFINITIONS = (
					"DEBUG=1",
					"$(inherited)",
				);
				GCC_WARN_64_TO_32_BIT_CONVERSION = YES;
				GCC_WARN_ABOUT_RETURN_TYPE = YES_ERROR;
				GCC_WARN_UNDECLARED_SELECTOR = YES;
				GCC_WARN_UNINITIALIZED_AUTOS = YES_AGGRESSIVE;
				GCC_WARN_UNUSED_FUNCTION = YES;
				GCC_WARN_UNUSED_VARIABLE = YES;
				IPHONEOS_DEPLOYMENT_TARGET = 18.0;
				LOCALIZATION_PREFERS_STRING_CATALOGS = YES;
				MTL_ENABLE_DEBUG_INFO = INCLUDE_SOURCE;
				MTL_FAST_MATH = YES;
				ONLY_ACTIVE_ARCH = YES;
				SDKROOT = iphoneos;
				SWIFT_ACTIVE_COMPILATION_CONDITIONS = "DEBUG $(inherited)";
				SWIFT_OPTIMIZATION_LEVEL = "-Onone";
			};
			name = Debug;
		};
		74448B912CBDAD8B00E53F40 /* Release */ = {
			isa = XCBuildConfiguration;
			buildSettings = {
				ALWAYS_SEARCH_USER_PATHS = NO;
				ASSETCATALOG_COMPILER_GENERATE_SWIFT_ASSET_SYMBOL_EXTENSIONS = YES;
				CLANG_ANALYZER_NONNULL = YES;
				CLANG_ANALYZER_NUMBER_OBJECT_CONVERSION = YES_AGGRESSIVE;
				CLANG_CXX_LANGUAGE_STANDARD = "gnu++20";
				CLANG_ENABLE_MODULES = YES;
				CLANG_ENABLE_OBJC_ARC = YES;
				CLANG_ENABLE_OBJC_WEAK = YES;
				CLANG_WARN_BLOCK_CAPTURE_AUTORELEASING = YES;
				CLANG_WARN_BOOL_CONVERSION = YES;
				CLANG_WARN_COMMA = YES;
				CLANG_WARN_CONSTANT_CONVERSION = YES;
				CLANG_WARN_DEPRECATED_OBJC_IMPLEMENTATIONS = YES;
				CLANG_WARN_DIRECT_OBJC_ISA_USAGE = YES_ERROR;
				CLANG_WARN_DOCUMENTATION_COMMENTS = YES;
				CLANG_WARN_EMPTY_BODY = YES;
				CLANG_WARN_ENUM_CONVERSION = YES;
				CLANG_WARN_INFINITE_RECURSION = YES;
				CLANG_WARN_INT_CONVERSION = YES;
				CLANG_WARN_NON_LITERAL_NULL_CONVERSION = YES;
				CLANG_WARN_OBJC_IMPLICIT_RETAIN_SELF = YES;
				CLANG_WARN_OBJC_LITERAL_CONVERSION = YES;
				CLANG_WARN_OBJC_ROOT_CLASS = YES_ERROR;
				CLANG_WARN_QUOTED_INCLUDE_IN_FRAMEWORK_HEADER = YES;
				CLANG_WARN_RANGE_LOOP_ANALYSIS = YES;
				CLANG_WARN_STRICT_PROTOTYPES = YES;
				CLANG_WARN_SUSPICIOUS_MOVE = YES;
				CLANG_WARN_UNGUARDED_AVAILABILITY = YES_AGGRESSIVE;
				CLANG_WARN_UNREACHABLE_CODE = YES;
				CLANG_WARN__DUPLICATE_METHOD_MATCH = YES;
				COPY_PHASE_STRIP = NO;
				DEBUG_INFORMATION_FORMAT = "dwarf-with-dsym";
				ENABLE_NS_ASSERTIONS = NO;
				ENABLE_STRICT_OBJC_MSGSEND = YES;
				ENABLE_USER_SCRIPT_SANDBOXING = YES;
				GCC_C_LANGUAGE_STANDARD = gnu17;
				GCC_NO_COMMON_BLOCKS = YES;
				GCC_WARN_64_TO_32_BIT_CONVERSION = YES;
				GCC_WARN_ABOUT_RETURN_TYPE = YES_ERROR;
				GCC_WARN_UNDECLARED_SELECTOR = YES;
				GCC_WARN_UNINITIALIZED_AUTOS = YES_AGGRESSIVE;
				GCC_WARN_UNUSED_FUNCTION = YES;
				GCC_WARN_UNUSED_VARIABLE = YES;
				IPHONEOS_DEPLOYMENT_TARGET = 18.0;
				LOCALIZATION_PREFERS_STRING_CATALOGS = YES;
				MTL_ENABLE_DEBUG_INFO = NO;
				MTL_FAST_MATH = YES;
				SDKROOT = iphoneos;
				SWIFT_COMPILATION_MODE = wholemodule;
				VALIDATE_PRODUCT = YES;
			};
			name = Release;
		};
		74448B932CBDAD8B00E53F40 /* Debug */ = {
			isa = XCBuildConfiguration;
			buildSettings = {
				BUNDLE_LOADER = "$(TEST_HOST)";
				CODE_SIGN_STYLE = Automatic;
				CURRENT_PROJECT_VERSION = 1;
				GENERATE_INFOPLIST_FILE = YES;
				IPHONEOS_DEPLOYMENT_TARGET = 18.0;
				MARKETING_VERSION = 1.0;
				PRODUCT_BUNDLE_IDENTIFIER = com.n10603548.cashierTests;
				PRODUCT_NAME = "$(TARGET_NAME)";
				SWIFT_EMIT_LOC_STRINGS = NO;
				SWIFT_VERSION = 5.0;
				TARGETED_DEVICE_FAMILY = "1,2";
				TEST_HOST = "$(BUILT_PRODUCTS_DIR)/cashier.app/$(BUNDLE_EXECUTABLE_FOLDER_PATH)/cashier";
			};
			name = Debug;
		};
		74448B942CBDAD8B00E53F40 /* Release */ = {
			isa = XCBuildConfiguration;
			buildSettings = {
				BUNDLE_LOADER = "$(TEST_HOST)";
				CODE_SIGN_STYLE = Automatic;
				CURRENT_PROJECT_VERSION = 1;
				GENERATE_INFOPLIST_FILE = YES;
				IPHONEOS_DEPLOYMENT_TARGET = 18.0;
				MARKETING_VERSION = 1.0;
				PRODUCT_BUNDLE_IDENTIFIER = com.n10603548.cashierTests;
				PRODUCT_NAME = "$(TARGET_NAME)";
				SWIFT_EMIT_LOC_STRINGS = NO;
				SWIFT_VERSION = 5.0;
				TARGETED_DEVICE_FAMILY = "1,2";
				TEST_HOST = "$(BUILT_PRODUCTS_DIR)/cashier.app/$(BUNDLE_EXECUTABLE_FOLDER_PATH)/cashier";
			};
			name = Release;
		};
		74448B962CBDAD8B00E53F40 /* Debug */ = {
			isa = XCBuildConfiguration;
			buildSettings = {
				CODE_SIGN_STYLE = Automatic;
				CURRENT_PROJECT_VERSION = 1;
				GENERATE_INFOPLIST_FILE = YES;
				MARKETING_VERSION = 1.0;
				PRODUCT_BUNDLE_IDENTIFIER = com.n10603548.cashierUITests;
				PRODUCT_NAME = "$(TARGET_NAME)";
				SWIFT_EMIT_LOC_STRINGS = NO;
				SWIFT_VERSION = 5.0;
				TARGETED_DEVICE_FAMILY = "1,2";
				TEST_TARGET_NAME = cashier;
			};
			name = Debug;
		};
		74448B972CBDAD8B00E53F40 /* Release */ = {
			isa = XCBuildConfiguration;
			buildSettings = {
				CODE_SIGN_STYLE = Automatic;
				CURRENT_PROJECT_VERSION = 1;
				GENERATE_INFOPLIST_FILE = YES;
				MARKETING_VERSION = 1.0;
				PRODUCT_BUNDLE_IDENTIFIER = com.n10603548.cashierUITests;
				PRODUCT_NAME = "$(TARGET_NAME)";
				SWIFT_EMIT_LOC_STRINGS = NO;
				SWIFT_VERSION = 5.0;
				TARGETED_DEVICE_FAMILY = "1,2";
				TEST_TARGET_NAME = cashier;
			};
			name = Release;
		};
/* End XCBuildConfiguration section */

/* Begin XCConfigurationList section */
		74448B5F2CBDAD8900E53F40 /* Build configuration list for PBXProject "cashier" */ = {
			isa = XCConfigurationList;
			buildConfigurations = (
				74448B902CBDAD8B00E53F40 /* Debug */,
				74448B912CBDAD8B00E53F40 /* Release */,
			);
			defaultConfigurationIsVisible = 0;
			defaultConfigurationName = Release;
		};
		74448B8D2CBDAD8B00E53F40 /* Build configuration list for PBXNativeTarget "cashier" */ = {
			isa = XCConfigurationList;
			buildConfigurations = (
				74448B8E2CBDAD8B00E53F40 /* Debug */,
				74448B8F2CBDAD8B00E53F40 /* Release */,
			);
			defaultConfigurationIsVisible = 0;
			defaultConfigurationName = Release;
		};
		74448B922CBDAD8B00E53F40 /* Build configuration list for PBXNativeTarget "cashierTests" */ = {
			isa = XCConfigurationList;
			buildConfigurations = (
				74448B932CBDAD8B00E53F40 /* Debug */,
				74448B942CBDAD8B00E53F40 /* Release */,
			);
			defaultConfigurationIsVisible = 0;
			defaultConfigurationName = Release;
		};
		74448B952CBDAD8B00E53F40 /* Build configuration list for PBXNativeTarget "cashierUITests" */ = {
			isa = XCConfigurationList;
			buildConfigurations = (
				74448B962CBDAD8B00E53F40 /* Debug */,
				74448B972CBDAD8B00E53F40 /* Release */,
			);
			defaultConfigurationIsVisible = 0;
			defaultConfigurationName = Release;
		};
/* End XCConfigurationList section */
	};
	rootObject = 74448B5C2CBDAD8900E53F40 /* Project object */;
}
